
Microsoft Visual Studio Solution File, Format Version 12.00
# Visual Studio Version 16
VisualStudioVersion = 16.0.28803.202
MinimumVisualStudioVersion = 10.0.40219.1
Project("{9A19103F-16F7-4668-BE54-9A1E7A4F7556}") = "Atcoder", "Atcoder\Atcoder.csproj", "{0F402182-EF71-4D56-A87C-743F5D1AFF43}"
EndProject
Project("{9A19103F-16F7-4668-BE54-9A1E7A4F7556}") = "yukicoder", "yukicoder\yukicoder.csproj", "{9DE6F5AF-B0E1-4CED-BB2E-2AE9006D79B2}"
EndProject
Project("{9A19103F-16F7-4668-BE54-9A1E7A4F7556}") = "CoderCommon", "CoderCommon\CoderCommon.csproj", "{12842347-0397-49C9-BBD1-9CCBA2A6C0F9}"
EndProject
Project("{FAE04EC0-301F-11D3-BF4B-00C04F79EFBC}") = "AOJ", "AOJ\AOJ.csproj", "{E6F7228E-FF28-4070-9C59-6BB59B0409CC}"
EndProject
Global
	GlobalSection(SolutionConfigurationPlatforms) = preSolution
		Debug|Any CPU = Debug|Any CPU
		Release|Any CPU = Release|Any CPU
	EndGlobalSection
	GlobalSection(ProjectConfigurationPlatforms) = postSolution
		{0F402182-EF71-4D56-A87C-743F5D1AFF43}.Debug|Any CPU.ActiveCfg = Debug|Any CPU
		{0F402182-EF71-4D56-A87C-743F5D1AFF43}.Debug|Any CPU.Build.0 = Debug|Any CPU
		{0F402182-EF71-4D56-A87C-743F5D1AFF43}.Release|Any CPU.ActiveCfg = Release|Any CPU
		{0F402182-EF71-4D56-A87C-743F5D1AFF43}.Release|Any CPU.Build.0 = Release|Any CPU
		{9DE6F5AF-B0E1-4CED-BB2E-2AE9006D79B2}.Debug|Any CPU.ActiveCfg = Debug|Any CPU
		{9DE6F5AF-B0E1-4CED-BB2E-2AE9006D79B2}.Debug|Any CPU.Build.0 = Debug|Any CPU
		{9DE6F5AF-B0E1-4CED-BB2E-2AE9006D79B2}.Release|Any CPU.ActiveCfg = Release|Any CPU
		{9DE6F5AF-B0E1-4CED-BB2E-2AE9006D79B2}.Release|Any CPU.Build.0 = Release|Any CPU
		{12842347-0397-49C9-BBD1-9CCBA2A6C0F9}.Debug|Any CPU.ActiveCfg = Debug|Any CPU
		{12842347-0397-49C9-BBD1-9CCBA2A6C0F9}.Debug|Any CPU.Build.0 = Debug|Any CPU
		{12842347-0397-49C9-BBD1-9CCBA2A6C0F9}.Release|Any CPU.ActiveCfg = Release|Any CPU
		{12842347-0397-49C9-BBD1-9CCBA2A6C0F9}.Release|Any CPU.Build.0 = Release|Any CPU
		{E6F7228E-FF28-4070-9C59-6BB59B0409CC}.Debug|Any CPU.ActiveCfg = Debug|Any CPU
		{E6F7228E-FF28-4070-9C59-6BB59B0409CC}.Debug|Any CPU.Build.0 = Debug|Any CPU
		{E6F7228E-FF28-4070-9C59-6BB59B0409CC}.Release|Any CPU.ActiveCfg = Release|Any CPU
		{E6F7228E-FF28-4070-9C59-6BB59B0409CC}.Release|Any CPU.Build.0 = Release|Any CPU
	EndGlobalSection
	GlobalSection(SolutionProperties) = preSolution
		HideSolutionNode = FALSE
	EndGlobalSection
	GlobalSection(ExtensibilityGlobals) = postSolution
		SolutionGuid = {BA7703CB-4484-43C2-969E-C104B0425E4F}
	EndGlobalSection
EndGlobal
